// !$*UTF8*$!
{
	archiveVersion = 1;
	classes = {
	};
	objectVersion = 50;
	objects = {

/* Begin PBXBuildFile section */
		73F0C41822865AFB006B97C7 /* SelectionPage.swift in Sources */ = {isa = PBXBuildFile; fileRef = 73F0C41722865AFB006B97C7 /* SelectionPage.swift */; };
		73FB5F5922864B4400D37800 /* AppDelegate.swift in Sources */ = {isa = PBXBuildFile; fileRef = 73FB5F5822864B4400D37800 /* AppDelegate.swift */; };
		73FB5F5B22864B4400D37800 /* ViewController.swift in Sources */ = {isa = PBXBuildFile; fileRef = 73FB5F5A22864B4400D37800 /* ViewController.swift */; };
		73FB5F5E22864B4400D37800 /* Main.storyboard in Resources */ = {isa = PBXBuildFile; fileRef = 73FB5F5C22864B4400D37800 /* Main.storyboard */; };
		73FB5F6022864B4500D37800 /* Assets.xcassets in Resources */ = {isa = PBXBuildFile; fileRef = 73FB5F5F22864B4500D37800 /* Assets.xcassets */; };
		73FB5F6322864B4500D37800 /* LaunchScreen.storyboard in Resources */ = {isa = PBXBuildFile; fileRef = 73FB5F6122864B4500D37800 /* LaunchScreen.storyboard */; };
/* End PBXBuildFile section */

/* Begin PBXFileReference section */
		73F0C41722865AFB006B97C7 /* SelectionPage.swift */ = {isa = PBXFileReference; lastKnownFileType = sourcecode.swift; path = SelectionPage.swift; sourceTree = "<group>"; };
		73FB5F5522864B4400D37800 /* Flight Check.app */ = {isa = PBXFileReference; explicitFileType = wrapper.application; includeInIndex = 0; path = "Flight Check.app"; sourceTree = BUILT_PRODUCTS_DIR; };
		73FB5F5822864B4400D37800 /* AppDelegate.swift */ = {isa = PBXFileReference; lastKnownFileType = sourcecode.swift; path = AppDelegate.swift; sourceTree = "<group>"; };
		73FB5F5A22864B4400D37800 /* ViewController.swift */ = {isa = PBXFileReference; lastKnownFileType = sourcecode.swift; path = ViewController.swift; sourceTree = "<group>"; };
		73FB5F5D22864B4400D37800 /* Base */ = {isa = PBXFileReference; lastKnownFileType = file.storyboard; name = Base; path = Base.lproj/Main.storyboard; sourceTree = "<group>"; };
		73FB5F5F22864B4500D37800 /* Assets.xcassets */ = {isa = PBXFileReference; lastKnownFileType = folder.assetcatalog; path = Assets.xcassets; sourceTree = "<group>"; };
		73FB5F6222864B4500D37800 /* Base */ = {isa = PBXFileReference; lastKnownFileType = file.storyboard; name = Base; path = Base.lproj/LaunchScreen.storyboard; sourceTree = "<group>"; };
		73FB5F6422864B4500D37800 /* Info.plist */ = {isa = PBXFileReference; lastKnownFileType = text.plist.xml; path = Info.plist; sourceTree = "<group>"; };
/* End PBXFileReference section */

/* Begin PBXFrameworksBuildPhase section */
		73FB5F5222864B4400D37800 /* Frameworks */ = {
			isa = PBXFrameworksBuildPhase;
			buildActionMask = 2147483647;
			files = (
			);
			runOnlyForDeploymentPostprocessing = 0;
		};
/* End PBXFrameworksBuildPhase section */

/* Begin PBXGroup section */
		73FB5F4C22864B4400D37800 = {
			isa = PBXGroup;
			children = (
				73FB5F5722864B4400D37800 /* Flight Check */,
				73FB5F5622864B4400D37800 /* Products */,
			);
			sourceTree = "<group>";
		};
		73FB5F5622864B4400D37800 /* Products */ = {
			isa = PBXGroup;
			children = (
				73FB5F5522864B4400D37800 /* Flight Check.app */,
			);
			name = Products;
			sourceTree = "<group>";
		};
		73FB5F5722864B4400D37800 /* Flight Check */ = {
			isa = PBXGroup;
			children = (
				73FB5F5822864B4400D37800 /* AppDelegate.swift */,
				73FB5F5A22864B4400D37800 /* ViewController.swift */,
				73F0C41722865AFB006B97C7 /* SelectionPage.swift */,
				73FB5F5C22864B4400D37800 /* Main.storyboard */,
				73FB5F5F22864B4500D37800 /* Assets.xcassets */,
				73FB5F6122864B4500D37800 /* LaunchScreen.storyboard */,
				73FB5F6422864B4500D37800 /* Info.plist */,
			);
			path = "Flight Check";
			sourceTree = "<group>";
		};
/* End PBXGroup section */

/* Begin PBXNativeTarget section */
		73FB5F5422864B4400D37800 /* Flight Check */ = {
			isa = PBXNativeTarget;
			buildConfigurationList = 73FB5F6722864B4500D37800 /* Build configuration list for PBXNativeTarget "Flight Check" */;
			buildPhases = (
				73FB5F5122864B4400D37800 /* Sources */,
				73FB5F5222864B4400D37800 /* Frameworks */,
				73FB5F5322864B4400D37800 /* Resources */,
			);
			buildRules = (
			);
			dependencies = (
			);
			name = "Flight Check";
			productName = "Flight Check";
			productReference = 73FB5F5522864B4400D37800 /* Flight Check.app */;
			productType = "com.apple.product-type.application";
		};
/* End PBXNativeTarget section */

/* Begin PBXProject section */
		73FB5F4D22864B4400D37800 /* Project object */ = {
			isa = PBXProject;
			attributes = {
				LastSwiftUpdateCheck = 1020;
				LastUpgradeCheck = 1020;
				ORGANIZATIONNAME = Devvers;
				TargetAttributes = {
					73FB5F5422864B4400D37800 = {
						CreatedOnToolsVersion = 10.2.1;
					};
				};
			};
			buildConfigurationList = 73FB5F5022864B4400D37800 /* Build configuration list for PBXProject "Flight Check" */;
			compatibilityVersion = "Xcode 9.3";
			developmentRegion = en;
			hasScannedForEncodings = 0;
			knownRegions = (
				en,
				Base,
			);
			mainGroup = 73FB5F4C22864B4400D37800;
			productRefGroup = 73FB5F5622864B4400D37800 /* Products */;
			projectDirPath = "";
			projectRoot = "";
			targets = (
				73FB5F5422864B4400D37800 /* Flight Check */,
			);
		};
/* End PBXProject section */

/* Begin PBXResourcesBuildPhase section */
		73FB5F5322864B4400D37800 /* Resources */ = {
			isa = PBXResourcesBuildPhase;
			buildActionMask = 2147483647;
			files = (
				73FB5F6322864B4500D37800 /* LaunchScreen.storyboard in Resources */,
				73FB5F6022864B4500D37800 /* Assets.xcassets in Resources */,
				73FB5F5E22864B4400D37800 /* Main.storyboard in Resources */,
			);
			runOnlyForDeploymentPostprocessing = 0;
		};
/* End PBXResourcesBuildPhase section */

/* Begin PBXSourcesBuildPhase section */
		73FB5F5122864B4400D37800 /* Sources */ = {
			isa = PBXSourcesBuildPhase;
			buildActionMask = 2147483647;
			files = (
				73F0C41822865AFB006B97C7 /* SelectionPage.swift in Sources */,
				73FB5F5B22864B4400D37800 /* ViewController.swift in Sources */,
				73FB5F5922864B4400D37800 /* AppDelegate.swift in Sources */,
			);
			runOnlyForDeploymentPostprocessing = 0;
		};
/* End PBXSourcesBuildPhase section */

/* Begin PBXVariantGroup section */
		73FB5F5C22864B4400D37800 /* Main.storyboard */ = {
			isa = PBXVariantGroup;
			children = (
				73FB5F5D22864B4400D37800 /* Base */,
			);
			name = Main.storyboard;
			sourceTree = "<group>";
		};
		73FB5F6122864B4500D37800 /* LaunchScreen.storyboard */ = {
			isa = PBXVariantGroup;
			children = (
				73FB5F6222864B4500D37800 /* Base */,
			);
			name = LaunchScreen.storyboard;
			sourceTree = "<group>";
		};
/* End PBXVariantGroup section */

/* Begin XCBuildConfiguration section */
		73FB5F6522864B4500D37800 /* Debug */ = {
			isa = XCBuildConfiguration;
			buildSettings = {
				ALWAYS_SEARCH_USER_PATHS = NO;
				CLANG_ANALYZER_NONNULL = YES;
				CLANG_ANALYZER_NUMBER_OBJECT_CONVERSION = YES_AGGRESSIVE;
				CLANG_CXX_LANGUAGE_STANDARD = "gnu++14";
				CLANG_CXX_LIBRARY = "libc++";
				CLANG_ENABLE_MODULES = YES;
				CLANG_ENABLE_OBJC_ARC = YES;
				CLANG_ENABLE_OBJC_WEAK = YES;
				CLANG_WARN_BLOCK_CAPTURE_AUTORELEASING = YES;
				CLANG_WARN_BOOL_CONVERSION = YES;
				CLANG_WARN_COMMA = YES;
				CLANG_WARN_CONSTANT_CONVERSION = YES;
				CLANG_WARN_DEPRECATED_OBJC_IMPLEMENTATIONS = YES;
				CLANG_WARN_DIRECT_OBJC_ISA_USAGE = YES_ERROR;
				CLANG_WARN_DOCUMENTATION_COMMENTS = YES;
				CLANG_WARN_EMPTY_BODY = YES;
				CLANG_WARN_ENUM_CONVERSION = YES;
				CLANG_WARN_INFINITE_RECURSION = YES;
				CLANG_WARN_INT_CONVERSION = YES;
				CLANG_WARN_NON_LITERAL_NULL_CONVERSION = YES;
				CLANG_WARN_OBJC_IMPLICIT_RETAIN_SELF = YES;
				CLANG_WARN_OBJC_LITERAL_CONVERSION = YES;
				CLANG_WARN_OBJC_ROOT_CLASS = YES_ERROR;
				CLANG_WARN_RANGE_LOOP_ANALYSIS = YES;
				CLANG_WARN_STRICT_PROTOTYPES = YES;
				CLANG_WARN_SUSPICIOUS_MOVE = YES;
				CLANG_WARN_UNGUARDED_AVAILABILITY = YES_AGGRESSIVE;
				CLANG_WARN_UNREACHABLE_CODE = YES;
				CLANG_WARN__DUPLICATE_METHOD_MATCH = YES;
				CODE_SIGN_IDENTITY = "iPhone Developer";
				COPY_PHASE_STRIP = NO;
				DEBUG_INFORMATION_FORMAT = dwarf;
				ENABLE_STRICT_OBJC_MSGSEND = YES;
				ENABLE_TESTABILITY = YES;
				GCC_C_LANGUAGE_STANDARD = gnu11;
				GCC_DYNAMIC_NO_PIC = NO;
				GCC_NO_COMMON_BLOCKS = YES;
				GCC_OPTIMIZATION_LEVEL = 0;
				GCC_PREPROCESSOR_DEFINITIONS = (
					"DEBUG=1",
					"$(inherited)",
				);
				GCC_WARN_64_TO_32_BIT_CONVERSION = YES;
				GCC_WARN_ABOUT_RETURN_TYPE = YES_ERROR;
				GCC_WARN_UNDECLARED_SELECTOR = YES;
				GCC_WARN_UNINITIALIZED_AUTOS = YES_AGGRESSIVE;
				GCC_WARN_UNUSED_FUNCTION = YES;
				GCC_WARN_UNUSED_VARIABLE = YES;
				IPHONEOS_DEPLOYMENT_TARGET = 12.2;
				MTL_ENABLE_DEBUG_INFO = INCLUDE_SOURCE;
				MTL_FAST_MATH = YES;
				ONLY_ACTIVE_ARCH = YES;
				SDKROOT = iphoneos;
				SWIFT_ACTIVE_COMPILATION_CONDITIONS = DEBUG;
				SWIFT_OPTIMIZATION_LEVEL = "-Onone";
			};
			name = Debug;
		};
		73FB5F6622864B4500D37800 /* Release */ = {
			isa = XCBuildConfiguration;
			buildSettings = {
				ALWAYS_SEARCH_USER_PATHS = NO;
				CLANG_ANALYZER_NONNULL = YES;
				CLANG_ANALYZER_NUMBER_OBJECT_CONVERSION = YES_AGGRESSIVE;
				CLANG_CXX_LANGUAGE_STANDARD = "gnu++14";
				CLANG_CXX_LIBRARY = "libc++";
				CLANG_ENABLE_MODULES = YES;
				CLANG_ENABLE_OBJC_ARC = YES;
				CLANG_ENABLE_OBJC_WEAK = YES;
				CLANG_WARN_BLOCK_CAPTURE_AUTORELEASING = YES;
				CLANG_WARN_BOOL_CONVERSION = YES;
				CLANG_WARN_COMMA = YES;
				CLANG_WARN_CONSTANT_CONVERSION = YES;
				CLANG_WARN_DEPRECATED_OBJC_IMPLEMENTATIONS = YES;
				CLANG_WARN_DIRECT_OBJC_ISA_USAGE = YES_ERROR;
				CLANG_WARN_DOCUMENTATION_COMMENTS = YES;
				CLANG_WARN_EMPTY_BODY = YES;
				CLANG_WARN_ENUM_CONVERSION = YES;
				CLANG_WARN_INFINITE_RECURSION = YES;
				CLANG_WARN_INT_CONVERSION = YES;
				CLANG_WARN_NON_LITERAL_NULL_CONVERSION = YES;
				CLANG_WARN_OBJC_IMPLICIT_RETAIN_SELF = YES;
				CLANG_WARN_OBJC_LITERAL_CONVERSION = YES;
				CLANG_WARN_OBJC_ROOT_CLASS = YES_ERROR;
				CLANG_WARN_RANGE_LOOP_ANALYSIS = YES;
				CLANG_WARN_STRICT_PROTOTYPES = YES;
				CLANG_WARN_SUSPICIOUS_MOVE = YES;
				CLANG_WARN_UNGUARDED_AVAILABILITY = YES_AGGRESSIVE;
				CLANG_WARN_UNREACHABLE_CODE = YES;
				CLANG_WARN__DUPLICATE_METHOD_MATCH = YES;
				CODE_SIGN_IDENTITY = "iPhone Developer";
				COPY_PHASE_STRIP = NO;
				DEBUG_INFORMATION_FORMAT = "dwarf-with-dsym";
				ENABLE_NS_ASSERTIONS = NO;
				ENABLE_STRICT_OBJC_MSGSEND = YES;
				GCC_C_LANGUAGE_STANDARD = gnu11;
				GCC_NO_COMMON_BLOCKS = YES;
				GCC_WARN_64_TO_32_BIT_CONVERSION = YES;
				GCC_WARN_ABOUT_RETURN_TYPE = YES_ERROR;
				GCC_WARN_UNDECLARED_SELECTOR = YES;
				GCC_WARN_UNINITIALIZED_AUTOS = YES_AGGRESSIVE;
				GCC_WARN_UNUSED_FUNCTION = YES;
				GCC_WARN_UNUSED_VARIABLE = YES;
				IPHONEOS_DEPLOYMENT_TARGET = 12.2;
				MTL_ENABLE_DEBUG_INFO = NO;
				MTL_FAST_MATH = YES;
				SDKROOT = iphoneos;
				SWIFT_COMPILATION_MODE = wholemodule;
				SWIFT_OPTIMIZATION_LEVEL = "-O";
				VALIDATE_PRODUCT = YES;
			};
			name = Release;
		};
		73FB5F6822864B4500D37800 /* Debug */ = {
			isa = XCBuildConfiguration;
			buildSettings = {
				ASSETCATALOG_COMPILER_APPICON_NAME = AppIcon;
				CODE_SIGN_STYLE = Automatic;
				DEVELOPMENT_TEAM = 8A8K59225F;
				INFOPLIST_FILE = "Flight Check/Info.plist";
				LD_RUNPATH_SEARCH_PATHS = (
					"$(inherited)",
					"@executable_path/Frameworks",
				);
				PRODUCT_BUNDLE_IDENTIFIER = "Devvers.Flight-Check";
				PRODUCT_NAME = "$(TARGET_NAME)";
				SWIFT_VERSION = 5.0;
				TARGETED_DEVICE_FAMILY = "1,2";
			};
			name = Debug;
		};
		73FB5F6922864B4500D37800 /* Release */ = {
			isa = XCBuildConfiguration;
			buildSettings = {
				ASSETCATALOG_COMPILER_APPICON_NAME = AppIcon;
				CODE_SIGN_STYLE = Automatic;
				DEVELOPMENT_TEAM = 8A8K59225F;
				INFOPLIST_FILE = "Flight Check/Info.plist";
				LD_RUNPATH_SEARCH_PATHS = (
					"$(inherited)",
					"@executable_path/Frameworks",
				);
				PRODUCT_BUNDLE_IDENTIFIER = "Devvers.Flight-Check";
				PRODUCT_NAME = "$(TARGET_NAME)";
				SWIFT_VERSION = 5.0;
				TARGETED_DEVICE_FAMILY = "1,2";
			};
			name = Release;
		};
/* End XCBuildConfiguration section */

/* Begin XCConfigurationList section */
		73FB5F5022864B4400D37800 /* Build configuration list for PBXProject "Flight Check" */ = {
			isa = XCConfigurationList;
			buildConfigurations = (
				73FB5F6522864B4500D37800 /* Debug */,
				73FB5F6622864B4500D37800 /* Release */,
			);
			defaultConfigurationIsVisible = 0;
			defaultConfigurationName = Release;
		};
		73FB5F6722864B4500D37800 /* Build configuration list for PBXNativeTarget "Flight Check" */ = {
			isa = XCConfigurationList;
			buildConfigurations = (
				73FB5F6822864B4500D37800 /* Debug */,
				73FB5F6922864B4500D37800 /* Release */,
			);
			defaultConfigurationIsVisible = 0;
			defaultConfigurationName = Release;
		};
/* End XCConfigurationList section */
	};
	rootObject = 73FB5F4D22864B4400D37800 /* Project object */;
}
